// !$*UTF8*$!
{
	archiveVersion = 1;
	classes = {
	};
	objectVersion = 46;
	objects = {

/* Begin PBXBuildFile section */
		0F8F952F16A8F54A00734FF9 /* UIKit.framework in Frameworks */ = {isa = PBXBuildFile; fileRef = 0F8F952E16A8F54A00734FF9 /* UIKit.framework */; };
		0F8F953116A8F54A00734FF9 /* Foundation.framework in Frameworks */ = {isa = PBXBuildFile; fileRef = 0F8F953016A8F54A00734FF9 /* Foundation.framework */; };
		0F8F953316A8F54A00734FF9 /* CoreGraphics.framework in Frameworks */ = {isa = PBXBuildFile; fileRef = 0F8F953216A8F54A00734FF9 /* CoreGraphics.framework */; };
		0F8F953516A8F54A00734FF9 /* CoreData.framework in Frameworks */ = {isa = PBXBuildFile; fileRef = 0F8F953416A8F54A00734FF9 /* CoreData.framework */; };
		0F8F953B16A8F54A00734FF9 /* InfoPlist.strings in Resources */ = {isa = PBXBuildFile; fileRef = 0F8F953916A8F54A00734FF9 /* InfoPlist.strings */; };
		0F8F953D16A8F54A00734FF9 /* main.m in Sources */ = {isa = PBXBuildFile; fileRef = 0F8F953C16A8F54A00734FF9 /* main.m */; };
		0F8F954116A8F54A00734FF9 /* AppDelegate.m in Sources */ = {isa = PBXBuildFile; fileRef = 0F8F954016A8F54A00734FF9 /* AppDelegate.m */; };
		0F8F954416A8F54A00734FF9 /* Entrance_Grab_English.xcdatamodeld in Sources */ = {isa = PBXBuildFile; fileRef = 0F8F954216A8F54A00734FF9 /* Entrance_Grab_English.xcdatamodeld */; };
/* End PBXBuildFile section */

/* Begin PBXFileReference section */
		0F8F952A16A8F54A00734FF9 /* Entrance_Grab_English.app */ = {isa = PBXFileReference; explicitFileType = wrapper.application; includeInIndex = 0; path = Entrance_Grab_English.app; sourceTree = BUILT_PRODUCTS_DIR; };
		0F8F952E16A8F54A00734FF9 /* UIKit.framework */ = {isa = PBXFileReference; lastKnownFileType = wrapper.framework; name = UIKit.framework; path = System/Library/Frameworks/UIKit.framework; sourceTree = SDKROOT; };
		0F8F953016A8F54A00734FF9 /* Foundation.framework */ = {isa = PBXFileReference; lastKnownFileType = wrapper.framework; name = Foundation.framework; path = System/Library/Frameworks/Foundation.framework; sourceTree = SDKROOT; };
		0F8F953216A8F54A00734FF9 /* CoreGraphics.framework */ = {isa = PBXFileReference; lastKnownFileType = wrapper.framework; name = CoreGraphics.framework; path = System/Library/Frameworks/CoreGraphics.framework; sourceTree = SDKROOT; };
		0F8F953416A8F54A00734FF9 /* CoreData.framework */ = {isa = PBXFileReference; lastKnownFileType = wrapper.framework; name = CoreData.framework; path = System/Library/Frameworks/CoreData.framework; sourceTree = SDKROOT; };
		0F8F953816A8F54A00734FF9 /* Entrance_Grab_English-Info.plist */ = {isa = PBXFileReference; lastKnownFileType = text.plist.xml; path = "Entrance_Grab_English-Info.plist"; sourceTree = "<group>"; };
		0F8F953A16A8F54A00734FF9 /* en */ = {isa = PBXFileReference; lastKnownFileType = text.plist.strings; name = en; path = en.lproj/InfoPlist.strings; sourceTree = "<group>"; };
		0F8F953C16A8F54A00734FF9 /* main.m */ = {isa = PBXFileReference; lastKnownFileType = sourcecode.c.objc; path = main.m; sourceTree = "<group>"; };
		0F8F953E16A8F54A00734FF9 /* Entrance_Grab_English-Prefix.pch */ = {isa = PBXFileReference; lastKnownFileType = sourcecode.c.h; path = "Entrance_Grab_English-Prefix.pch"; sourceTree = "<group>"; };
		0F8F953F16A8F54A00734FF9 /* AppDelegate.h */ = {isa = PBXFileReference; lastKnownFileType = sourcecode.c.h; path = AppDelegate.h; sourceTree = "<group>"; };
		0F8F954016A8F54A00734FF9 /* AppDelegate.m */ = {isa = PBXFileReference; lastKnownFileType = sourcecode.c.objc; path = AppDelegate.m; sourceTree = "<group>"; };
		0F8F954316A8F54A00734FF9 /* Entrance_Grab_English.xcdatamodel */ = {isa = PBXFileReference; lastKnownFileType = wrapper.xcdatamodel; path = Entrance_Grab_English.xcdatamodel; sourceTree = "<group>"; };
/* End PBXFileReference section */

/* Begin PBXFrameworksBuildPhase section */
		0F8F952716A8F54A00734FF9 /* Frameworks */ = {
			isa = PBXFrameworksBuildPhase;
			buildActionMask = 2147483647;
			files = (
				0F8F952F16A8F54A00734FF9 /* UIKit.framework in Frameworks */,
				0F8F953116A8F54A00734FF9 /* Foundation.framework in Frameworks */,
				0F8F953316A8F54A00734FF9 /* CoreGraphics.framework in Frameworks */,
				0F8F953516A8F54A00734FF9 /* CoreData.framework in Frameworks */,
			);
			runOnlyForDeploymentPostprocessing = 0;
		};
/* End PBXFrameworksBuildPhase section */

/* Begin PBXGroup section */
		0F8F951F16A8F54A00734FF9 = {
			isa = PBXGroup;
			children = (
				0F8F953616A8F54A00734FF9 /* Entrance_Grab_English */,
				0F8F952D16A8F54A00734FF9 /* Frameworks */,
				0F8F952B16A8F54A00734FF9 /* Products */,
			);
			sourceTree = "<group>";
		};
		0F8F952B16A8F54A00734FF9 /* Products */ = {
			isa = PBXGroup;
			children = (
				0F8F952A16A8F54A00734FF9 /* Entrance_Grab_English.app */,
			);
			name = Products;
			sourceTree = "<group>";
		};
		0F8F952D16A8F54A00734FF9 /* Frameworks */ = {
			isa = PBXGroup;
			children = (
				0F8F952E16A8F54A00734FF9 /* UIKit.framework */,
				0F8F953016A8F54A00734FF9 /* Foundation.framework */,
				0F8F953216A8F54A00734FF9 /* CoreGraphics.framework */,
				0F8F953416A8F54A00734FF9 /* CoreData.framework */,
			);
			name = Frameworks;
			sourceTree = "<group>";
		};
		0F8F953616A8F54A00734FF9 /* Entrance_Grab_English */ = {
			isa = PBXGroup;
			children = (
				0F8F953F16A8F54A00734FF9 /* AppDelegate.h */,
				0F8F954016A8F54A00734FF9 /* AppDelegate.m */,
				0F8F954216A8F54A00734FF9 /* Entrance_Grab_English.xcdatamodeld */,
				0F8F953716A8F54A00734FF9 /* Supporting Files */,
			);
			path = Entrance_Grab_English;
			sourceTree = "<group>";
		};
		0F8F953716A8F54A00734FF9 /* Supporting Files */ = {
			isa = PBXGroup;
			children = (
				0F8F953816A8F54A00734FF9 /* Entrance_Grab_English-Info.plist */,
				0F8F953916A8F54A00734FF9 /* InfoPlist.strings */,
				0F8F953C16A8F54A00734FF9 /* main.m */,
				0F8F953E16A8F54A00734FF9 /* Entrance_Grab_English-Prefix.pch */,
			);
			name = "Supporting Files";
			sourceTree = "<group>";
		};
/* End PBXGroup section */

/* Begin PBXNativeTarget section */
		0F8F952916A8F54A00734FF9 /* Entrance_Grab_English */ = {
			isa = PBXNativeTarget;
			buildConfigurationList = 0F8F954716A8F54A00734FF9 /* Build configuration list for PBXNativeTarget "Entrance_Grab_English" */;
			buildPhases = (
				0F8F952616A8F54A00734FF9 /* Sources */,
				0F8F952716A8F54A00734FF9 /* Frameworks */,
				0F8F952816A8F54A00734FF9 /* Resources */,
			);
			buildRules = (
			);
			dependencies = (
			);
			name = Entrance_Grab_English;
			productName = Entrance_Grab_English;
			productReference = 0F8F952A16A8F54A00734FF9 /* Entrance_Grab_English.app */;
			productType = "com.apple.product-type.application";
		};
/* End PBXNativeTarget section */

/* Begin PBXProject section */
		0F8F952116A8F54A00734FF9 /* Project object */ = {
			isa = PBXProject;
			attributes = {
				LastUpgradeCheck = 0440;
				ORGANIZATIONNAME = "天朝码农";
			};
			buildConfigurationList = 0F8F952416A8F54A00734FF9 /* Build configuration list for PBXProject "Entrance_Grab_English" */;
			compatibilityVersion = "Xcode 3.2";
			developmentRegion = English;
			hasScannedForEncodings = 0;
			knownRegions = (
				en,
			);
			mainGroup = 0F8F951F16A8F54A00734FF9;
			productRefGroup = 0F8F952B16A8F54A00734FF9 /* Products */;
			projectDirPath = "";
			projectRoot = "";
			targets = (
				0F8F952916A8F54A00734FF9 /* Entrance_Grab_English */,
			);
		};
/* End PBXProject section */

/* Begin PBXResourcesBuildPhase section */
		0F8F952816A8F54A00734FF9 /* Resources */ = {
			isa = PBXResourcesBuildPhase;
			buildActionMask = 2147483647;
			files = (
				0F8F953B16A8F54A00734FF9 /* InfoPlist.strings in Resources */,
			);
			runOnlyForDeploymentPostprocessing = 0;
		};
/* End PBXResourcesBuildPhase section */

/* Begin PBXSourcesBuildPhase section */
		0F8F952616A8F54A00734FF9 /* Sources */ = {
			isa = PBXSourcesBuildPhase;
			buildActionMask = 2147483647;
			files = (
				0F8F953D16A8F54A00734FF9 /* main.m in Sources */,
				0F8F954116A8F54A00734FF9 /* AppDelegate.m in Sources */,
				0F8F954416A8F54A00734FF9 /* Entrance_Grab_English.xcdatamodeld in Sources */,
			);
			runOnlyForDeploymentPostprocessing = 0;
		};
/* End PBXSourcesBuildPhase section */

/* Begin PBXVariantGroup section */
		0F8F953916A8F54A00734FF9 /* InfoPlist.strings */ = {
			isa = PBXVariantGroup;
			children = (
				0F8F953A16A8F54A00734FF9 /* en */,
			);
			name = InfoPlist.strings;
			sourceTree = "<group>";
		};
/* End PBXVariantGroup section */

/* Begin XCBuildConfiguration section */
		0F8F954516A8F54A00734FF9 /* Debug */ = {
			isa = XCBuildConfiguration;
			buildSettings = {
				ALWAYS_SEARCH_USER_PATHS = NO;
				ARCHS = "$(ARCHS_STANDARD_32_BIT)";
				CLANG_CXX_LANGUAGE_STANDARD = "gnu++0x";
				CLANG_ENABLE_OBJC_ARC = YES;
				CLANG_WARN__DUPLICATE_METHOD_MATCH = YES;
				"CODE_SIGN_IDENTITY[sdk=iphoneos*]" = "iPhone Developer";
				COPY_PHASE_STRIP = NO;
				GCC_C_LANGUAGE_STANDARD = gnu99;
				GCC_DYNAMIC_NO_PIC = NO;
				GCC_OPTIMIZATION_LEVEL = 0;
				GCC_PREPROCESSOR_DEFINITIONS = (
					"DEBUG=1",
					"$(inherited)",
				);
				GCC_SYMBOLS_PRIVATE_EXTERN = NO;
				GCC_VERSION = com.apple.compilers.llvm.clang.1_0;
				GCC_WARN_ABOUT_RETURN_TYPE = YES;
				GCC_WARN_UNINITIALIZED_AUTOS = YES;
				GCC_WARN_UNUSED_VARIABLE = YES;
				IPHONEOS_DEPLOYMENT_TARGET = 5.1;
				SDKROOT = iphoneos;
			};
			name = Debug;
		};
		0F8F954616A8F54A00734FF9 /* Release */ = {
			isa = XCBuildConfiguration;
			buildSettings = {
				ALWAYS_SEARCH_USER_PATHS = NO;
				ARCHS = "$(ARCHS_STANDARD_32_BIT)";
				CLANG_CXX_LANGUAGE_STANDARD = "gnu++0x";
				CLANG_ENABLE_OBJC_ARC = YES;
				CLANG_WARN__DUPLICATE_METHOD_MATCH = YES;
				"CODE_SIGN_IDENTITY[sdk=iphoneos*]" = "iPhone Developer";
				COPY_PHASE_STRIP = YES;
				GCC_C_LANGUAGE_STANDARD = gnu99;
				GCC_VERSION = com.apple.compilers.llvm.clang.1_0;
				GCC_WARN_ABOUT_RETURN_TYPE = YES;
				GCC_WARN_UNINITIALIZED_AUTOS = YES;
				GCC_WARN_UNUSED_VARIABLE = YES;
				IPHONEOS_DEPLOYMENT_TARGET = 5.1;
				OTHER_CFLAGS = "-DNS_BLOCK_ASSERTIONS=1";
				SDKROOT = iphoneos;
				VALIDATE_PRODUCT = YES;
			};
			name = Release;
		};
		0F8F954816A8F54A00734FF9 /* Debug */ = {
			isa = XCBuildConfiguration;
			buildSettings = {
				GCC_PRECOMPILE_PREFIX_HEADER = YES;
				GCC_PREFIX_HEADER = "Entrance_Grab_English/Entrance_Grab_English-Prefix.pch";
				INFOPLIST_FILE = "Entrance_Grab_English/Entrance_Grab_English-Info.plist";
				PRODUCT_NAME = "$(TARGET_NAME)";
				WRAPPER_EXTENSION = app;
			};
			name = Debug;
		};
		0F8F954916A8F54A00734FF9 /* Release */ = {
			isa = XCBuildConfiguration;
			buildSettings = {
				GCC_PRECOMPILE_PREFIX_HEADER = YES;
				GCC_PREFIX_HEADER = "Entrance_Grab_English/Entrance_Grab_English-Prefix.pch";
				INFOPLIST_FILE = "Entrance_Grab_English/Entrance_Grab_English-Info.plist";
				PRODUCT_NAME = "$(TARGET_NAME)";
				WRAPPER_EXTENSION = app;
			};
			name = Release;
		};
/* End XCBuildConfiguration section */

/* Begin XCConfigurationList section */
		0F8F952416A8F54A00734FF9 /* Build configuration list for PBXProject "Entrance_Grab_English" */ = {
			isa = XCConfigurationList;
			buildConfigurations = (
				0F8F954516A8F54A00734FF9 /* Debug */,
				0F8F954616A8F54A00734FF9 /* Release */,
			);
			defaultConfigurationIsVisible = 0;
			defaultConfigurationName = Release;
		};
		0F8F954716A8F54A00734FF9 /* Build configuration list for PBXNativeTarget "Entrance_Grab_English" */ = {
			isa = XCConfigurationList;
			buildConfigurations = (
				0F8F954816A8F54A00734FF9 /* Debug */,
				0F8F954916A8F54A00734FF9 /* Release */,
			);
			defaultConfigurationIsVisible = 0;
		};
/* End XCConfigurationList section */

/* Begin XCVersionGroup section */
		0F8F954216A8F54A00734FF9 /* Entrance_Grab_English.xcdatamodeld */ = {
			isa = XCVersionGroup;
			children = (
				0F8F954316A8F54A00734FF9 /* Entrance_Grab_English.xcdatamodel */,
			);
			currentVersion = 0F8F954316A8F54A00734FF9 /* Entrance_Grab_English.xcdatamodel */;
			path = Entrance_Grab_English.xcdatamodeld;
			sourceTree = "<group>";
			versionGroupType = wrapper.xcdatamodel;
		};
/* End XCVersionGroup section */
	};
	rootObject = 0F8F952116A8F54A00734FF9 /* Project object */;
}
